// !$*UTF8*$!
{
	archiveVersion = 1;
	classes = {
	};
	objectVersion = 56;
	objects = {

/* Begin PBXBuildFile section */
		BA59B92929D2EE3D0056BBDD /* AppDelegate.swift in Sources */ = {isa = PBXBuildFile; fileRef = BA59B92829D2EE3D0056BBDD /* AppDelegate.swift */; };
		BA59B92B29D2EE3D0056BBDD /* SceneDelegate.swift in Sources */ = {isa = PBXBuildFile; fileRef = BA59B92A29D2EE3D0056BBDD /* SceneDelegate.swift */; };
		BA59B92D29D2EE3D0056BBDD /* ReminderListViewController.swift in Sources */ = {isa = PBXBuildFile; fileRef = BA59B92C29D2EE3D0056BBDD /* ReminderListViewController.swift */; };
		BA59B93029D2EE3D0056BBDD /* Main.storyboard in Resources */ = {isa = PBXBuildFile; fileRef = BA59B92E29D2EE3D0056BBDD /* Main.storyboard */; };
		BA59B93229D2EE3E0056BBDD /* Assets.xcassets in Resources */ = {isa = PBXBuildFile; fileRef = BA59B93129D2EE3E0056BBDD /* Assets.xcassets */; };
		BA59B93529D2EE3E0056BBDD /* LaunchScreen.storyboard in Resources */ = {isa = PBXBuildFile; fileRef = BA59B93329D2EE3E0056BBDD /* LaunchScreen.storyboard */; };
		BA59B93E29D3DB240056BBDD /* Reminder.swift in Sources */ = {isa = PBXBuildFile; fileRef = BA59B93D29D3DB240056BBDD /* Reminder.swift */; };
		BAFBDA2529DC02FD005E497A /* Date+Today.swift in Sources */ = {isa = PBXBuildFile; fileRef = BAFBDA2429DC02FD005E497A /* Date+Today.swift */; };
		BAFBDA2729DC0A61005E497A /* UIColor+Today.swift in Sources */ = {isa = PBXBuildFile; fileRef = BAFBDA2629DC0A61005E497A /* UIColor+Today.swift */; };
		BAFBDA2A29DC1DA5005E497A /* ReminderListViewController+DataSource.swift in Sources */ = {isa = PBXBuildFile; fileRef = BAFBDA2929DC1DA5005E497A /* ReminderListViewController+DataSource.swift */; };
/* End PBXBuildFile section */

/* Begin PBXFileReference section */
		BA59B92529D2EE3D0056BBDD /* Today.app */ = {isa = PBXFileReference; explicitFileType = wrapper.application; includeInIndex = 0; path = Today.app; sourceTree = BUILT_PRODUCTS_DIR; };
		BA59B92829D2EE3D0056BBDD /* AppDelegate.swift */ = {isa = PBXFileReference; lastKnownFileType = sourcecode.swift; path = AppDelegate.swift; sourceTree = "<group>"; };
		BA59B92A29D2EE3D0056BBDD /* SceneDelegate.swift */ = {isa = PBXFileReference; lastKnownFileType = sourcecode.swift; path = SceneDelegate.swift; sourceTree = "<group>"; };
		BA59B92C29D2EE3D0056BBDD /* ReminderListViewController.swift */ = {isa = PBXFileReference; lastKnownFileType = sourcecode.swift; path = ReminderListViewController.swift; sourceTree = "<group>"; };
		BA59B92F29D2EE3D0056BBDD /* Base */ = {isa = PBXFileReference; lastKnownFileType = file.storyboard; name = Base; path = Base.lproj/Main.storyboard; sourceTree = "<group>"; };
		BA59B93129D2EE3E0056BBDD /* Assets.xcassets */ = {isa = PBXFileReference; lastKnownFileType = folder.assetcatalog; path = Assets.xcassets; sourceTree = "<group>"; };
		BA59B93429D2EE3E0056BBDD /* Base */ = {isa = PBXFileReference; lastKnownFileType = file.storyboard; name = Base; path = Base.lproj/LaunchScreen.storyboard; sourceTree = "<group>"; };
		BA59B93629D2EE3E0056BBDD /* Info.plist */ = {isa = PBXFileReference; lastKnownFileType = text.plist.xml; path = Info.plist; sourceTree = "<group>"; };
		BA59B93D29D3DB240056BBDD /* Reminder.swift */ = {isa = PBXFileReference; lastKnownFileType = sourcecode.swift; path = Reminder.swift; sourceTree = "<group>"; };
		BAFBDA2429DC02FD005E497A /* Date+Today.swift */ = {isa = PBXFileReference; lastKnownFileType = sourcecode.swift; path = "Date+Today.swift"; sourceTree = "<group>"; };
		BAFBDA2629DC0A61005E497A /* UIColor+Today.swift */ = {isa = PBXFileReference; lastKnownFileType = sourcecode.swift; path = "UIColor+Today.swift"; sourceTree = "<group>"; };
		BAFBDA2929DC1DA5005E497A /* ReminderListViewController+DataSource.swift */ = {isa = PBXFileReference; lastKnownFileType = sourcecode.swift; path = "ReminderListViewController+DataSource.swift"; sourceTree = "<group>"; };
/* End PBXFileReference section */

/* Begin PBXFrameworksBuildPhase section */
		BA59B92229D2EE3D0056BBDD /* Frameworks */ = {
			isa = PBXFrameworksBuildPhase;
			buildActionMask = 2147483647;
			files = (
			);
			runOnlyForDeploymentPostprocessing = 0;
		};
/* End PBXFrameworksBuildPhase section */

/* Begin PBXGroup section */
		BA59B91C29D2EE3D0056BBDD = {
			isa = PBXGroup;
			children = (
				BA59B92729D2EE3D0056BBDD /* Today */,
				BA59B92629D2EE3D0056BBDD /* Products */,
			);
			sourceTree = "<group>";
		};
		BA59B92629D2EE3D0056BBDD /* Products */ = {
			isa = PBXGroup;
			children = (
				BA59B92529D2EE3D0056BBDD /* Today.app */,
			);
			name = Products;
			sourceTree = "<group>";
		};
		BA59B92729D2EE3D0056BBDD /* Today */ = {
			isa = PBXGroup;
			children = (
				BA59B93C29D3DADC0056BBDD /* Models */,
				BA59B92829D2EE3D0056BBDD /* AppDelegate.swift */,
				BA59B92A29D2EE3D0056BBDD /* SceneDelegate.swift */,
				BAFBDA2829DC1D48005E497A /* ListViewController */,
				BA59B92E29D2EE3D0056BBDD /* Main.storyboard */,
				BA59B93129D2EE3E0056BBDD /* Assets.xcassets */,
				BA59B93329D2EE3E0056BBDD /* LaunchScreen.storyboard */,
				BA59B93629D2EE3E0056BBDD /* Info.plist */,
			);
			path = Today;
			sourceTree = "<group>";
		};
		BA59B93C29D3DADC0056BBDD /* Models */ = {
			isa = PBXGroup;
			children = (
				BA59B93D29D3DB240056BBDD /* Reminder.swift */,
				BAFBDA2429DC02FD005E497A /* Date+Today.swift */,
				BAFBDA2629DC0A61005E497A /* UIColor+Today.swift */,
			);
			path = Models;
			sourceTree = "<group>";
		};
		BAFBDA2829DC1D48005E497A /* ListViewController */ = {
			isa = PBXGroup;
			children = (
				BA59B92C29D2EE3D0056BBDD /* ReminderListViewController.swift */,
				BAFBDA2929DC1DA5005E497A /* ReminderListViewController+DataSource.swift */,
			);
			path = ListViewController;
			sourceTree = "<group>";
		};
/* End PBXGroup section */

/* Begin PBXNativeTarget section */
		BA59B92429D2EE3D0056BBDD /* Today */ = {
			isa = PBXNativeTarget;
			buildConfigurationList = BA59B93929D2EE3E0056BBDD /* Build configuration list for PBXNativeTarget "Today" */;
			buildPhases = (
				BA59B92129D2EE3D0056BBDD /* Sources */,
				BA59B92229D2EE3D0056BBDD /* Frameworks */,
				BA59B92329D2EE3D0056BBDD /* Resources */,
			);
			buildRules = (
			);
			dependencies = (
			);
			name = Today;
			productName = Today;
			productReference = BA59B92529D2EE3D0056BBDD /* Today.app */;
			productType = "com.apple.product-type.application";
		};
/* End PBXNativeTarget section */

/* Begin PBXProject section */
		BA59B91D29D2EE3D0056BBDD /* Project object */ = {
			isa = PBXProject;
			attributes = {
				BuildIndependentTargetsInParallel = 1;
				LastSwiftUpdateCheck = 1420;
				LastUpgradeCheck = 1420;
				TargetAttributes = {
					BA59B92429D2EE3D0056BBDD = {
						CreatedOnToolsVersion = 14.2;
					};
				};
			};
			buildConfigurationList = BA59B92029D2EE3D0056BBDD /* Build configuration list for PBXProject "Today" */;
			compatibilityVersion = "Xcode 14.0";
			developmentRegion = en;
			hasScannedForEncodings = 0;
			knownRegions = (
				en,
				Base,
			);
			mainGroup = BA59B91C29D2EE3D0056BBDD;
			productRefGroup = BA59B92629D2EE3D0056BBDD /* Products */;
			projectDirPath = "";
			projectRoot = "";
			targets = (
				BA59B92429D2EE3D0056BBDD /* Today */,
			);
		};
/* End PBXProject section */

/* Begin PBXResourcesBuildPhase section */
		BA59B92329D2EE3D0056BBDD /* Resources */ = {
			isa = PBXResourcesBuildPhase;
			buildActionMask = 2147483647;
			files = (
				BA59B93529D2EE3E0056BBDD /* LaunchScreen.storyboard in Resources */,
				BA59B93229D2EE3E0056BBDD /* Assets.xcassets in Resources */,
				BA59B93029D2EE3D0056BBDD /* Main.storyboard in Resources */,
			);
			runOnlyForDeploymentPostprocessing = 0;
		};
/* End PBXResourcesBuildPhase section */

/* Begin PBXSourcesBuildPhase section */
		BA59B92129D2EE3D0056BBDD /* Sources */ = {
			isa = PBXSourcesBuildPhase;
			buildActionMask = 2147483647;
			files = (
				BA59B92D29D2EE3D0056BBDD /* ReminderListViewController.swift in Sources */,
				BAFBDA2529DC02FD005E497A /* Date+Today.swift in Sources */,
				BA59B92929D2EE3D0056BBDD /* AppDelegate.swift in Sources */,
				BA59B92B29D2EE3D0056BBDD /* SceneDelegate.swift in Sources */,
				BAFBDA2A29DC1DA5005E497A /* ReminderListViewController+DataSource.swift in Sources */,
				BA59B93E29D3DB240056BBDD /* Reminder.swift in Sources */,
				BAFBDA2729DC0A61005E497A /* UIColor+Today.swift in Sources */,
			);
			runOnlyForDeploymentPostprocessing = 0;
		};
/* End PBXSourcesBuildPhase section */

/* Begin PBXVariantGroup section */
		BA59B92E29D2EE3D0056BBDD /* Main.storyboard */ = {
			isa = PBXVariantGroup;
			children = (
				BA59B92F29D2EE3D0056BBDD /* Base */,
			);
			name = Main.storyboard;
			sourceTree = "<group>";
		};
		BA59B93329D2EE3E0056BBDD /* LaunchScreen.storyboard */ = {
			isa = PBXVariantGroup;
			children = (
				BA59B93429D2EE3E0056BBDD /* Base */,
			);
			name = LaunchScreen.storyboard;
			sourceTree = "<group>";
		};
/* End PBXVariantGroup section */

/* Begin XCBuildConfiguration section */
		BA59B93729D2EE3E0056BBDD /* Debug */ = {
			isa = XCBuildConfiguration;
			buildSettings = {
				ALWAYS_SEARCH_USER_PATHS = NO;
				CLANG_ANALYZER_NONNULL = YES;
				CLANG_ANALYZER_NUMBER_OBJECT_CONVERSION = YES_AGGRESSIVE;
				CLANG_CXX_LANGUAGE_STANDARD = "gnu++20";
				CLANG_ENABLE_MODULES = YES;
				CLANG_ENABLE_OBJC_ARC = YES;
				CLANG_ENABLE_OBJC_WEAK = YES;
				CLANG_WARN_BLOCK_CAPTURE_AUTORELEASING = YES;
				CLANG_WARN_BOOL_CONVERSION = YES;
				CLANG_WARN_COMMA = YES;
				CLANG_WARN_CONSTANT_CONVERSION = YES;
				CLANG_WARN_DEPRECATED_OBJC_IMPLEMENTATIONS = YES;
				CLANG_WARN_DIRECT_OBJC_ISA_USAGE = YES_ERROR;
				CLANG_WARN_DOCUMENTATION_COMMENTS = YES;
				CLANG_WARN_EMPTY_BODY = YES;
				CLANG_WARN_ENUM_CONVERSION = YES;
				CLANG_WARN_INFINITE_RECURSION = YES;
				CLANG_WARN_INT_CONVERSION = YES;
				CLANG_WARN_NON_LITERAL_NULL_CONVERSION = YES;
				CLANG_WARN_OBJC_IMPLICIT_RETAIN_SELF = YES;
				CLANG_WARN_OBJC_LITERAL_CONVERSION = YES;
				CLANG_WARN_OBJC_ROOT_CLASS = YES_ERROR;
				CLANG_WARN_QUOTED_INCLUDE_IN_FRAMEWORK_HEADER = YES;
				CLANG_WARN_RANGE_LOOP_ANALYSIS = YES;
				CLANG_WARN_STRICT_PROTOTYPES = YES;
				CLANG_WARN_SUSPICIOUS_MOVE = YES;
				CLANG_WARN_UNGUARDED_AVAILABILITY = YES_AGGRESSIVE;
				CLANG_WARN_UNREACHABLE_CODE = YES;
				CLANG_WARN__DUPLICATE_METHOD_MATCH = YES;
				COPY_PHASE_STRIP = NO;
				DEBUG_INFORMATION_FORMAT = dwarf;
				ENABLE_STRICT_OBJC_MSGSEND = YES;
				ENABLE_TESTABILITY = YES;
				GCC_C_LANGUAGE_STANDARD = gnu11;
				GCC_DYNAMIC_NO_PIC = NO;
				GCC_NO_COMMON_BLOCKS = YES;
				GCC_OPTIMIZATION_LEVEL = 0;
				GCC_PREPROCESSOR_DEFINITIONS = (
					"DEBUG=1",
					"$(inherited)",
				);
				GCC_WARN_64_TO_32_BIT_CONVERSION = YES;
				GCC_WARN_ABOUT_RETURN_TYPE = YES_ERROR;
				GCC_WARN_UNDECLARED_SELECTOR = YES;
				GCC_WARN_UNINITIALIZED_AUTOS = YES_AGGRESSIVE;
				GCC_WARN_UNUSED_FUNCTION = YES;
				GCC_WARN_UNUSED_VARIABLE = YES;
				IPHONEOS_DEPLOYMENT_TARGET = 16.2;
				MTL_ENABLE_DEBUG_INFO = INCLUDE_SOURCE;
				MTL_FAST_MATH = YES;
				ONLY_ACTIVE_ARCH = YES;
				SDKROOT = iphoneos;
				SWIFT_ACTIVE_COMPILATION_CONDITIONS = DEBUG;
				SWIFT_OPTIMIZATION_LEVEL = "-Onone";
			};
			name = Debug;
		};
		BA59B93829D2EE3E0056BBDD /* Release */ = {
			isa = XCBuildConfiguration;
			buildSettings = {
				ALWAYS_SEARCH_USER_PATHS = NO;
				CLANG_ANALYZER_NONNULL = YES;
				CLANG_ANALYZER_NUMBER_OBJECT_CONVERSION = YES_AGGRESSIVE;
				CLANG_CXX_LANGUAGE_STANDARD = "gnu++20";
				CLANG_ENABLE_MODULES = YES;
				CLANG_ENABLE_OBJC_ARC = YES;
				CLANG_ENABLE_OBJC_WEAK = YES;
				CLANG_WARN_BLOCK_CAPTURE_AUTORELEASING = YES;
				CLANG_WARN_BOOL_CONVERSION = YES;
				CLANG_WARN_COMMA = YES;
				CLANG_WARN_CONSTANT_CONVERSION = YES;
				CLANG_WARN_DEPRECATED_OBJC_IMPLEMENTATIONS = YES;
				CLANG_WARN_DIRECT_OBJC_ISA_USAGE = YES_ERROR;
				CLANG_WARN_DOCUMENTATION_COMMENTS = YES;
				CLANG_WARN_EMPTY_BODY = YES;
				CLANG_WARN_ENUM_CONVERSION = YES;
				CLANG_WARN_INFINITE_RECURSION = YES;
				CLANG_WARN_INT_CONVERSION = YES;
				CLANG_WARN_NON_LITERAL_NULL_CONVERSION = YES;
				CLANG_WARN_OBJC_IMPLICIT_RETAIN_SELF = YES;
				CLANG_WARN_OBJC_LITERAL_CONVERSION = YES;
				CLANG_WARN_OBJC_ROOT_CLASS = YES_ERROR;
				CLANG_WARN_QUOTED_INCLUDE_IN_FRAMEWORK_HEADER = YES;
				CLANG_WARN_RANGE_LOOP_ANALYSIS = YES;
				CLANG_WARN_STRICT_PROTOTYPES = YES;
				CLANG_WARN_SUSPICIOUS_MOVE = YES;
				CLANG_WARN_UNGUARDED_AVAILABILITY = YES_AGGRESSIVE;
				CLANG_WARN_UNREACHABLE_CODE = YES;
				CLANG_WARN__DUPLICATE_METHOD_MATCH = YES;
				COPY_PHASE_STRIP = NO;
				DEBUG_INFORMATION_FORMAT = "dwarf-with-dsym";
				ENABLE_NS_ASSERTIONS = NO;
				ENABLE_STRICT_OBJC_MSGSEND = YES;
				GCC_C_LANGUAGE_STANDARD = gnu11;
				GCC_NO_COMMON_BLOCKS = YES;
				GCC_WARN_64_TO_32_BIT_CONVERSION = YES;
				GCC_WARN_ABOUT_RETURN_TYPE = YES_ERROR;
				GCC_WARN_UNDECLARED_SELECTOR = YES;
				GCC_WARN_UNINITIALIZED_AUTOS = YES_AGGRESSIVE;
				GCC_WARN_UNUSED_FUNCTION = YES;
				GCC_WARN_UNUSED_VARIABLE = YES;
				IPHONEOS_DEPLOYMENT_TARGET = 16.2;
				MTL_ENABLE_DEBUG_INFO = NO;
				MTL_FAST_MATH = YES;
				SDKROOT = iphoneos;
				SWIFT_COMPILATION_MODE = wholemodule;
				SWIFT_OPTIMIZATION_LEVEL = "-O";
				VALIDATE_PRODUCT = YES;
			};
			name = Release;
		};
		BA59B93A29D2EE3E0056BBDD /* Debug */ = {
			isa = XCBuildConfiguration;
			buildSettings = {
				ASSETCATALOG_COMPILER_APPICON_NAME = AppIcon;
				ASSETCATALOG_COMPILER_GLOBAL_ACCENT_COLOR_NAME = AccentColor;
				CODE_SIGN_STYLE = Automatic;
				CURRENT_PROJECT_VERSION = 1;
				DEVELOPMENT_TEAM = 9L2JKYNN92;
				GENERATE_INFOPLIST_FILE = YES;
				INFOPLIST_FILE = Today/Info.plist;
				INFOPLIST_KEY_UIApplicationSupportsIndirectInputEvents = YES;
				INFOPLIST_KEY_UILaunchStoryboardName = LaunchScreen;
				INFOPLIST_KEY_UIMainStoryboardFile = Main;
				INFOPLIST_KEY_UISupportedInterfaceOrientations_iPad = "UIInterfaceOrientationPortrait UIInterfaceOrientationPortraitUpsideDown UIInterfaceOrientationLandscapeLeft UIInterfaceOrientationLandscapeRight";
				INFOPLIST_KEY_UISupportedInterfaceOrientations_iPhone = "UIInterfaceOrientationPortrait UIInterfaceOrientationLandscapeLeft UIInterfaceOrientationLandscapeRight";
				IPHONEOS_DEPLOYMENT_TARGET = 15.0;
				LD_RUNPATH_SEARCH_PATHS = (
					"$(inherited)",
					"@executable_path/Frameworks",
				);
				MARKETING_VERSION = 1.0;
				PRODUCT_BUNDLE_IDENTIFIER = Today.test.SaigonBank;
				PRODUCT_NAME = "$(TARGET_NAME)";
				SWIFT_EMIT_LOC_STRINGS = YES;
				SWIFT_VERSION = 5.0;
				TARGETED_DEVICE_FAMILY = "1,2";
			};
			name = Debug;
		};
		BA59B93B29D2EE3E0056BBDD /* Release */ = {
			isa = XCBuildConfiguration;
			buildSettings = {
				ASSETCATALOG_COMPILER_APPICON_NAME = AppIcon;
				ASSETCATALOG_COMPILER_GLOBAL_ACCENT_COLOR_NAME = AccentColor;
				CODE_SIGN_STYLE = Automatic;
				CURRENT_PROJECT_VERSION = 1;
				DEVELOPMENT_TEAM = 9L2JKYNN92;
				GENERATE_INFOPLIST_FILE = YES;
				INFOPLIST_FILE = Today/Info.plist;
				INFOPLIST_KEY_UIApplicationSupportsIndirectInputEvents = YES;
				INFOPLIST_KEY_UILaunchStoryboardName = LaunchScreen;
				INFOPLIST_KEY_UIMainStoryboardFile = Main;
				INFOPLIST_KEY_UISupportedInterfaceOrientations_iPad = "UIInterfaceOrientationPortrait UIInterfaceOrientationPortraitUpsideDown UIInterfaceOrientationLandscapeLeft UIInterfaceOrientationLandscapeRight";
				INFOPLIST_KEY_UISupportedInterfaceOrientations_iPhone = "UIInterfaceOrientationPortrait UIInterfaceOrientationLandscapeLeft UIInterfaceOrientationLandscapeRight";
				IPHONEOS_DEPLOYMENT_TARGET = 15.0;
				LD_RUNPATH_SEARCH_PATHS = (
					"$(inherited)",
					"@executable_path/Frameworks",
				);
				MARKETING_VERSION = 1.0;
				PRODUCT_BUNDLE_IDENTIFIER = Today.test.SaigonBank;
				PRODUCT_NAME = "$(TARGET_NAME)";
				SWIFT_EMIT_LOC_STRINGS = YES;
				SWIFT_VERSION = 5.0;
				TARGETED_DEVICE_FAMILY = "1,2";
			};
			name = Release;
		};
/* End XCBuildConfiguration section */

/* Begin XCConfigurationList section */
		BA59B92029D2EE3D0056BBDD /* Build configuration list for PBXProject "Today" */ = {
			isa = XCConfigurationList;
			buildConfigurations = (
				BA59B93729D2EE3E0056BBDD /* Debug */,
				BA59B93829D2EE3E0056BBDD /* Release */,
			);
			defaultConfigurationIsVisible = 0;
			defaultConfigurationName = Release;
		};
		BA59B93929D2EE3E0056BBDD /* Build configuration list for PBXNativeTarget "Today" */ = {
			isa = XCConfigurationList;
			buildConfigurations = (
				BA59B93A29D2EE3E0056BBDD /* Debug */,
				BA59B93B29D2EE3E0056BBDD /* Release */,
			);
			defaultConfigurationIsVisible = 0;
			defaultConfigurationName = Release;
		};
/* End XCConfigurationList section */
	};
	rootObject = BA59B91D29D2EE3D0056BBDD /* Project object */;
}
